// !$*UTF8*$!
{
	archiveVersion = 1;
	classes = {
	};
	objectVersion = 48;
	objects = {

/* Begin PBXBuildFile section */
		3E082B35991EB26601FC88C2 /* Pods_CarCaller.framework in Frameworks */ = {isa = PBXBuildFile; fileRef = 2658F55A3C304B04EE4807B7 /* Pods_CarCaller.framework */; };
		8BA01E111FEA5ED700A72A97 /* GradientView.swift in Sources */ = {isa = PBXBuildFile; fileRef = 8BA01E101FEA5ED700A72A97 /* GradientView.swift */; };
		8BA4B4131FEAEEC7004D006E /* RoundImageView.swift in Sources */ = {isa = PBXBuildFile; fileRef = 8BA4B4121FEAEEC7004D006E /* RoundImageView.swift */; };
		8BA4B4151FEAEF7E004D006E /* RoundedShadowView.swift in Sources */ = {isa = PBXBuildFile; fileRef = 8BA4B4141FEAEF7E004D006E /* RoundedShadowView.swift */; };
		8BA4B4171FEAF09E004D006E /* CIrcleView.swift in Sources */ = {isa = PBXBuildFile; fileRef = 8BA4B4161FEAF09E004D006E /* CIrcleView.swift */; };
		8BA4B4191FEAF5F1004D006E /* RoundedShadowButton.swift in Sources */ = {isa = PBXBuildFile; fileRef = 8BA4B4181FEAF5F1004D006E /* RoundedShadowButton.swift */; };
		8BBFE6761FEA504300FC8546 /* AppDelegate.swift in Sources */ = {isa = PBXBuildFile; fileRef = 8BBFE6751FEA504300FC8546 /* AppDelegate.swift */; };
		8BBFE6781FEA504300FC8546 /* HomeVC.swift in Sources */ = {isa = PBXBuildFile; fileRef = 8BBFE6771FEA504300FC8546 /* HomeVC.swift */; };
		8BBFE67B1FEA504300FC8546 /* Main.storyboard in Resources */ = {isa = PBXBuildFile; fileRef = 8BBFE6791FEA504300FC8546 /* Main.storyboard */; };
		8BBFE6801FEA504300FC8546 /* LaunchScreen.storyboard in Resources */ = {isa = PBXBuildFile; fileRef = 8BBFE67E1FEA504300FC8546 /* LaunchScreen.storyboard */; };
		8BC8120B1FEB53E300221447 /* Images.xcassets in Resources */ = {isa = PBXBuildFile; fileRef = 8BC8120A1FEB53E300221447 /* Images.xcassets */; };
/* End PBXBuildFile section */

/* Begin PBXFileReference section */
		2658F55A3C304B04EE4807B7 /* Pods_CarCaller.framework */ = {isa = PBXFileReference; explicitFileType = wrapper.framework; includeInIndex = 0; path = Pods_CarCaller.framework; sourceTree = BUILT_PRODUCTS_DIR; };
		7065A52309B7D7D7D5E9EDF8 /* Pods-CarCaller.release.xcconfig */ = {isa = PBXFileReference; includeInIndex = 1; lastKnownFileType = text.xcconfig; name = "Pods-CarCaller.release.xcconfig"; path = "Pods/Target Support Files/Pods-CarCaller/Pods-CarCaller.release.xcconfig"; sourceTree = "<group>"; };
		8BA01E101FEA5ED700A72A97 /* GradientView.swift */ = {isa = PBXFileReference; lastKnownFileType = sourcecode.swift; path = GradientView.swift; sourceTree = "<group>"; };
		8BA4B4121FEAEEC7004D006E /* RoundImageView.swift */ = {isa = PBXFileReference; lastKnownFileType = sourcecode.swift; path = RoundImageView.swift; sourceTree = "<group>"; };
		8BA4B4141FEAEF7E004D006E /* RoundedShadowView.swift */ = {isa = PBXFileReference; lastKnownFileType = sourcecode.swift; path = RoundedShadowView.swift; sourceTree = "<group>"; };
		8BA4B4161FEAF09E004D006E /* CIrcleView.swift */ = {isa = PBXFileReference; lastKnownFileType = sourcecode.swift; path = CIrcleView.swift; sourceTree = "<group>"; };
		8BA4B4181FEAF5F1004D006E /* RoundedShadowButton.swift */ = {isa = PBXFileReference; lastKnownFileType = sourcecode.swift; path = RoundedShadowButton.swift; sourceTree = "<group>"; };
		8BBFE6721FEA504300FC8546 /* CarCaller.app */ = {isa = PBXFileReference; explicitFileType = wrapper.application; includeInIndex = 0; path = CarCaller.app; sourceTree = BUILT_PRODUCTS_DIR; };
		8BBFE6751FEA504300FC8546 /* AppDelegate.swift */ = {isa = PBXFileReference; lastKnownFileType = sourcecode.swift; path = AppDelegate.swift; sourceTree = "<group>"; };
		8BBFE6771FEA504300FC8546 /* HomeVC.swift */ = {isa = PBXFileReference; lastKnownFileType = sourcecode.swift; path = HomeVC.swift; sourceTree = "<group>"; };
		8BBFE67A1FEA504300FC8546 /* Base */ = {isa = PBXFileReference; lastKnownFileType = file.storyboard; name = Base; path = Base.lproj/Main.storyboard; sourceTree = "<group>"; };
		8BBFE67F1FEA504300FC8546 /* Base */ = {isa = PBXFileReference; lastKnownFileType = file.storyboard; name = Base; path = Base.lproj/LaunchScreen.storyboard; sourceTree = "<group>"; };
		8BBFE6811FEA504400FC8546 /* Info.plist */ = {isa = PBXFileReference; lastKnownFileType = text.plist.xml; path = Info.plist; sourceTree = "<group>"; };
		8BC8120A1FEB53E300221447 /* Images.xcassets */ = {isa = PBXFileReference; lastKnownFileType = folder.assetcatalog; path = Images.xcassets; sourceTree = "<group>"; };
		A2754860E2974B6D2A7C4908 /* Pods-CarCaller.debug.xcconfig */ = {isa = PBXFileReference; includeInIndex = 1; lastKnownFileType = text.xcconfig; name = "Pods-CarCaller.debug.xcconfig"; path = "Pods/Target Support Files/Pods-CarCaller/Pods-CarCaller.debug.xcconfig"; sourceTree = "<group>"; };
/* End PBXFileReference section */

/* Begin PBXFrameworksBuildPhase section */
		8BBFE66F1FEA504300FC8546 /* Frameworks */ = {
			isa = PBXFrameworksBuildPhase;
			buildActionMask = 2147483647;
			files = (
				3E082B35991EB26601FC88C2 /* Pods_CarCaller.framework in Frameworks */,
			);
			runOnlyForDeploymentPostprocessing = 0;
		};
/* End PBXFrameworksBuildPhase section */

/* Begin PBXGroup section */
		493908DB4F7BDB84C95A8989 /* Frameworks */ = {
			isa = PBXGroup;
			children = (
				2658F55A3C304B04EE4807B7 /* Pods_CarCaller.framework */,
			);
			name = Frameworks;
			sourceTree = "<group>";
		};
		73676449C517939B720F4374 /* Pods */ = {
			isa = PBXGroup;
			children = (
				A2754860E2974B6D2A7C4908 /* Pods-CarCaller.debug.xcconfig */,
				7065A52309B7D7D7D5E9EDF8 /* Pods-CarCaller.release.xcconfig */,
			);
			name = Pods;
			sourceTree = "<group>";
		};
		8BA01E0D1FEA5EAA00A72A97 /* Controller */ = {
			isa = PBXGroup;
			children = (
			);
			path = Controller;
			sourceTree = "<group>";
		};
		8BA01E0E1FEA5EB200A72A97 /* View */ = {
			isa = PBXGroup;
			children = (
				8BA01E101FEA5ED700A72A97 /* GradientView.swift */,
				8BA4B4121FEAEEC7004D006E /* RoundImageView.swift */,
				8BA4B4141FEAEF7E004D006E /* RoundedShadowView.swift */,
				8BA4B4161FEAF09E004D006E /* CIrcleView.swift */,
				8BA4B4181FEAF5F1004D006E /* RoundedShadowButton.swift */,
			);
			path = View;
			sourceTree = "<group>";
		};
		8BA01E0F1FEA5EB700A72A97 /* Model */ = {
			isa = PBXGroup;
			children = (
			);
			path = Model;
			sourceTree = "<group>";
		};
		8BBFE6691FEA504300FC8546 = {
			isa = PBXGroup;
			children = (
				8BBFE6741FEA504300FC8546 /* CarCaller */,
				8BBFE6731FEA504300FC8546 /* Products */,
				73676449C517939B720F4374 /* Pods */,
				493908DB4F7BDB84C95A8989 /* Frameworks */,
			);
			sourceTree = "<group>";
		};
		8BBFE6731FEA504300FC8546 /* Products */ = {
			isa = PBXGroup;
			children = (
				8BBFE6721FEA504300FC8546 /* CarCaller.app */,
			);
			name = Products;
			sourceTree = "<group>";
		};
		8BBFE6741FEA504300FC8546 /* CarCaller */ = {
			isa = PBXGroup;
			children = (
				8BA01E0F1FEA5EB700A72A97 /* Model */,
				8BA01E0E1FEA5EB200A72A97 /* View */,
				8BA01E0D1FEA5EAA00A72A97 /* Controller */,
				8BBFE6751FEA504300FC8546 /* AppDelegate.swift */,
				8BBFE6771FEA504300FC8546 /* HomeVC.swift */,
				8BBFE6791FEA504300FC8546 /* Main.storyboard */,
				8BBFE67E1FEA504300FC8546 /* LaunchScreen.storyboard */,
				8BBFE6811FEA504400FC8546 /* Info.plist */,
				8BC8120A1FEB53E300221447 /* Images.xcassets */,
			);
			path = CarCaller;
			sourceTree = "<group>";
		};
/* End PBXGroup section */

/* Begin PBXNativeTarget section */
		8BBFE6711FEA504300FC8546 /* CarCaller */ = {
			isa = PBXNativeTarget;
			buildConfigurationList = 8BBFE6841FEA504400FC8546 /* Build configuration list for PBXNativeTarget "CarCaller" */;
			buildPhases = (
				9B6160D46808EB45B6920390 /* [CP] Check Pods Manifest.lock */,
				8BBFE66E1FEA504300FC8546 /* Sources */,
				8BBFE66F1FEA504300FC8546 /* Frameworks */,
				8BBFE6701FEA504300FC8546 /* Resources */,
				2C812CBA7C344E5A7CD64CDA /* [CP] Embed Pods Frameworks */,
				EE1643D7D05D2DAC0FDB4F6C /* [CP] Copy Pods Resources */,
			);
			buildRules = (
			);
			dependencies = (
			);
			name = CarCaller;
			productName = CarCaller;
			productReference = 8BBFE6721FEA504300FC8546 /* CarCaller.app */;
			productType = "com.apple.product-type.application";
		};
/* End PBXNativeTarget section */

/* Begin PBXProject section */
		8BBFE66A1FEA504300FC8546 /* Project object */ = {
			isa = PBXProject;
			attributes = {
				LastSwiftUpdateCheck = 0900;
				LastUpgradeCheck = 0900;
				ORGANIZATIONNAME = chityuen;
				TargetAttributes = {
					8BBFE6711FEA504300FC8546 = {
						CreatedOnToolsVersion = 9.0;
						ProvisioningStyle = Automatic;
					};
				};
			};
			buildConfigurationList = 8BBFE66D1FEA504300FC8546 /* Build configuration list for PBXProject "CarCaller" */;
			compatibilityVersion = "Xcode 8.0";
			developmentRegion = en;
			hasScannedForEncodings = 0;
			knownRegions = (
				en,
				Base,
			);
			mainGroup = 8BBFE6691FEA504300FC8546;
			productRefGroup = 8BBFE6731FEA504300FC8546 /* Products */;
			projectDirPath = "";
			projectRoot = "";
			targets = (
				8BBFE6711FEA504300FC8546 /* CarCaller */,
			);
		};
/* End PBXProject section */

/* Begin PBXResourcesBuildPhase section */
		8BBFE6701FEA504300FC8546 /* Resources */ = {
			isa = PBXResourcesBuildPhase;
			buildActionMask = 2147483647;
			files = (
				8BC8120B1FEB53E300221447 /* Images.xcassets in Resources */,
				8BBFE6801FEA504300FC8546 /* LaunchScreen.storyboard in Resources */,
				8BBFE67B1FEA504300FC8546 /* Main.storyboard in Resources */,
			);
			runOnlyForDeploymentPostprocessing = 0;
		};
/* End PBXResourcesBuildPhase section */

/* Begin PBXShellScriptBuildPhase section */
		2C812CBA7C344E5A7CD64CDA /* [CP] Embed Pods Frameworks */ = {
			isa = PBXShellScriptBuildPhase;
			buildActionMask = 2147483647;
			files = (
			);
			inputPaths = (
				"${SRCROOT}/Pods/Target Support Files/Pods-CarCaller/Pods-CarCaller-frameworks.sh",
				"${BUILT_PRODUCTS_DIR}/GTMSessionFetcher/GTMSessionFetcher.framework",
				"${BUILT_PRODUCTS_DIR}/GoogleToolboxForMac/GoogleToolboxForMac.framework",
				"${BUILT_PRODUCTS_DIR}/RevealingSplashView/RevealingSplashView.framework",
				"${BUILT_PRODUCTS_DIR}/leveldb-library/leveldb.framework",
				"${BUILT_PRODUCTS_DIR}/nanopb/nanopb.framework",
			);
			name = "[CP] Embed Pods Frameworks";
			outputPaths = (
				"${TARGET_BUILD_DIR}/${FRAMEWORKS_FOLDER_PATH}/GTMSessionFetcher.framework",
				"${TARGET_BUILD_DIR}/${FRAMEWORKS_FOLDER_PATH}/GoogleToolboxForMac.framework",
				"${TARGET_BUILD_DIR}/${FRAMEWORKS_FOLDER_PATH}/RevealingSplashView.framework",
				"${TARGET_BUILD_DIR}/${FRAMEWORKS_FOLDER_PATH}/leveldb.framework",
				"${TARGET_BUILD_DIR}/${FRAMEWORKS_FOLDER_PATH}/nanopb.framework",
			);
			runOnlyForDeploymentPostprocessing = 0;
			shellPath = /bin/sh;
			shellScript = "\"${SRCROOT}/Pods/Target Support Files/Pods-CarCaller/Pods-CarCaller-frameworks.sh\"\n";
			showEnvVarsInLog = 0;
		};
		9B6160D46808EB45B6920390 /* [CP] Check Pods Manifest.lock */ = {
			isa = PBXShellScriptBuildPhase;
			buildActionMask = 2147483647;
			files = (
			);
			inputPaths = (
				"${PODS_PODFILE_DIR_PATH}/Podfile.lock",
				"${PODS_ROOT}/Manifest.lock",
			);
			name = "[CP] Check Pods Manifest.lock";
			outputPaths = (
				"$(DERIVED_FILE_DIR)/Pods-CarCaller-checkManifestLockResult.txt",
			);
			runOnlyForDeploymentPostprocessing = 0;
			shellPath = /bin/sh;
			shellScript = "diff \"${PODS_PODFILE_DIR_PATH}/Podfile.lock\" \"${PODS_ROOT}/Manifest.lock\" > /dev/null\nif [ $? != 0 ] ; then\n    # print error to STDERR\n    echo \"error: The sandbox is not in sync with the Podfile.lock. Run 'pod install' or update your CocoaPods installation.\" >&2\n    exit 1\nfi\n# This output is used by Xcode 'outputs' to avoid re-running this script phase.\necho \"SUCCESS\" > \"${SCRIPT_OUTPUT_FILE_0}\"\n";
			showEnvVarsInLog = 0;
		};
		EE1643D7D05D2DAC0FDB4F6C /* [CP] Copy Pods Resources */ = {
			isa = PBXShellScriptBuildPhase;
			buildActionMask = 2147483647;
			files = (
			);
			inputPaths = (
			);
			name = "[CP] Copy Pods Resources";
			outputPaths = (
			);
			runOnlyForDeploymentPostprocessing = 0;
			shellPath = /bin/sh;
			shellScript = "\"${SRCROOT}/Pods/Target Support Files/Pods-CarCaller/Pods-CarCaller-resources.sh\"\n";
			showEnvVarsInLog = 0;
		};
/* End PBXShellScriptBuildPhase section */

/* Begin PBXSourcesBuildPhase section */
		8BBFE66E1FEA504300FC8546 /* Sources */ = {
			isa = PBXSourcesBuildPhase;
			buildActionMask = 2147483647;
			files = (
				8BA4B4191FEAF5F1004D006E /* RoundedShadowButton.swift in Sources */,
				8BBFE6781FEA504300FC8546 /* HomeVC.swift in Sources */,
				8BA4B4131FEAEEC7004D006E /* RoundImageView.swift in Sources */,
				8BA4B4151FEAEF7E004D006E /* RoundedShadowView.swift in Sources */,
				8BBFE6761FEA504300FC8546 /* AppDelegate.swift in Sources */,
				8BA4B4171FEAF09E004D006E /* CIrcleView.swift in Sources */,
				8BA01E111FEA5ED700A72A97 /* GradientView.swift in Sources */,
			);
			runOnlyForDeploymentPostprocessing = 0;
		};
/* End PBXSourcesBuildPhase section */

/* Begin PBXVariantGroup section */
		8BBFE6791FEA504300FC8546 /* Main.storyboard */ = {
			isa = PBXVariantGroup;
			children = (
				8BBFE67A1FEA504300FC8546 /* Base */,
			);
			name = Main.storyboard;
			sourceTree = "<group>";
		};
		8BBFE67E1FEA504300FC8546 /* LaunchScreen.storyboard */ = {
			isa = PBXVariantGroup;
			children = (
				8BBFE67F1FEA504300FC8546 /* Base */,
			);
			name = LaunchScreen.storyboard;
			sourceTree = "<group>";
		};
/* End PBXVariantGroup section */

/* Begin XCBuildConfiguration section */
		8BBFE6821FEA504400FC8546 /* Debug */ = {
			isa = XCBuildConfiguration;
			buildSettings = {
				ALWAYS_SEARCH_USER_PATHS = NO;
				CLANG_ANALYZER_NONNULL = YES;
				CLANG_ANALYZER_NUMBER_OBJECT_CONVERSION = YES_AGGRESSIVE;
				CLANG_CXX_LANGUAGE_STANDARD = "gnu++14";
				CLANG_CXX_LIBRARY = "libc++";
				CLANG_ENABLE_MODULES = YES;
				CLANG_ENABLE_OBJC_ARC = YES;
				CLANG_WARN_BLOCK_CAPTURE_AUTORELEASING = YES;
				CLANG_WARN_BOOL_CONVERSION = YES;
				CLANG_WARN_COMMA = YES;
				CLANG_WARN_CONSTANT_CONVERSION = YES;
				CLANG_WARN_DIRECT_OBJC_ISA_USAGE = YES_ERROR;
				CLANG_WARN_DOCUMENTATION_COMMENTS = YES;
				CLANG_WARN_EMPTY_BODY = YES;
				CLANG_WARN_ENUM_CONVERSION = YES;
				CLANG_WARN_INFINITE_RECURSION = YES;
				CLANG_WARN_INT_CONVERSION = YES;
				CLANG_WARN_NON_LITERAL_NULL_CONVERSION = YES;
				CLANG_WARN_OBJC_LITERAL_CONVERSION = YES;
				CLANG_WARN_OBJC_ROOT_CLASS = YES_ERROR;
				CLANG_WARN_RANGE_LOOP_ANALYSIS = YES;
				CLANG_WARN_STRICT_PROTOTYPES = YES;
				CLANG_WARN_SUSPICIOUS_MOVE = YES;
				CLANG_WARN_UNGUARDED_AVAILABILITY = YES_AGGRESSIVE;
				CLANG_WARN_UNREACHABLE_CODE = YES;
				CLANG_WARN__DUPLICATE_METHOD_MATCH = YES;
				CODE_SIGN_IDENTITY = "iPhone Developer";
				COPY_PHASE_STRIP = NO;
				DEBUG_INFORMATION_FORMAT = dwarf;
				ENABLE_STRICT_OBJC_MSGSEND = YES;
				ENABLE_TESTABILITY = YES;
				GCC_C_LANGUAGE_STANDARD = gnu11;
				GCC_DYNAMIC_NO_PIC = NO;
				GCC_NO_COMMON_BLOCKS = YES;
				GCC_OPTIMIZATION_LEVEL = 0;
				GCC_PREPROCESSOR_DEFINITIONS = (
					"DEBUG=1",
					"$(inherited)",
				);
				GCC_WARN_64_TO_32_BIT_CONVERSION = YES;
				GCC_WARN_ABOUT_RETURN_TYPE = YES_ERROR;
				GCC_WARN_UNDECLARED_SELECTOR = YES;
				GCC_WARN_UNINITIALIZED_AUTOS = YES_AGGRESSIVE;
				GCC_WARN_UNUSED_FUNCTION = YES;
				GCC_WARN_UNUSED_VARIABLE = YES;
				IPHONEOS_DEPLOYMENT_TARGET = 11.0;
				MTL_ENABLE_DEBUG_INFO = YES;
				ONLY_ACTIVE_ARCH = YES;
				SDKROOT = iphoneos;
				SWIFT_ACTIVE_COMPILATION_CONDITIONS = DEBUG;
				SWIFT_OPTIMIZATION_LEVEL = "-Onone";
			};
			name = Debug;
		};
		8BBFE6831FEA504400FC8546 /* Release */ = {
			isa = XCBuildConfiguration;
			buildSettings = {
				ALWAYS_SEARCH_USER_PATHS = NO;
				CLANG_ANALYZER_NONNULL = YES;
				CLANG_ANALYZER_NUMBER_OBJECT_CONVERSION = YES_AGGRESSIVE;
				CLANG_CXX_LANGUAGE_STANDARD = "gnu++14";
				CLANG_CXX_LIBRARY = "libc++";
				CLANG_ENABLE_MODULES = YES;
				CLANG_ENABLE_OBJC_ARC = YES;
				CLANG_WARN_BLOCK_CAPTURE_AUTORELEASING = YES;
				CLANG_WARN_BOOL_CONVERSION = YES;
				CLANG_WARN_COMMA = YES;
				CLANG_WARN_CONSTANT_CONVERSION = YES;
				CLANG_WARN_DIRECT_OBJC_ISA_USAGE = YES_ERROR;
				CLANG_WARN_DOCUMENTATION_COMMENTS = YES;
				CLANG_WARN_EMPTY_BODY = YES;
				CLANG_WARN_ENUM_CONVERSION = YES;
				CLANG_WARN_INFINITE_RECURSION = YES;
				CLANG_WARN_INT_CONVERSION = YES;
				CLANG_WARN_NON_LITERAL_NULL_CONVERSION = YES;
				CLANG_WARN_OBJC_LITERAL_CONVERSION = YES;
				CLANG_WARN_OBJC_ROOT_CLASS = YES_ERROR;
				CLANG_WARN_RANGE_LOOP_ANALYSIS = YES;
				CLANG_WARN_STRICT_PROTOTYPES = YES;
				CLANG_WARN_SUSPICIOUS_MOVE = YES;
				CLANG_WARN_UNGUARDED_AVAILABILITY = YES_AGGRESSIVE;
				CLANG_WARN_UNREACHABLE_CODE = YES;
				CLANG_WARN__DUPLICATE_METHOD_MATCH = YES;
				CODE_SIGN_IDENTITY = "iPhone Developer";
				COPY_PHASE_STRIP = NO;
				DEBUG_INFORMATION_FORMAT = "dwarf-with-dsym";
				ENABLE_NS_ASSERTIONS = NO;
				ENABLE_STRICT_OBJC_MSGSEND = YES;
				GCC_C_LANGUAGE_STANDARD = gnu11;
				GCC_NO_COMMON_BLOCKS = YES;
				GCC_WARN_64_TO_32_BIT_CONVERSION = YES;
				GCC_WARN_ABOUT_RETURN_TYPE = YES_ERROR;
				GCC_WARN_UNDECLARED_SELECTOR = YES;
				GCC_WARN_UNINITIALIZED_AUTOS = YES_AGGRESSIVE;
				GCC_WARN_UNUSED_FUNCTION = YES;
				GCC_WARN_UNUSED_VARIABLE = YES;
				IPHONEOS_DEPLOYMENT_TARGET = 11.0;
				MTL_ENABLE_DEBUG_INFO = NO;
				SDKROOT = iphoneos;
				SWIFT_OPTIMIZATION_LEVEL = "-Owholemodule";
				VALIDATE_PRODUCT = YES;
			};
			name = Release;
		};
		8BBFE6851FEA504400FC8546 /* Debug */ = {
			isa = XCBuildConfiguration;
			baseConfigurationReference = A2754860E2974B6D2A7C4908 /* Pods-CarCaller.debug.xcconfig */;
			buildSettings = {
				CODE_SIGN_STYLE = Automatic;
				DEVELOPMENT_TEAM = L5V272XJF9;
				INFOPLIST_FILE = CarCaller/Info.plist;
				LD_RUNPATH_SEARCH_PATHS = "$(inherited) @executable_path/Frameworks";
				PRODUCT_BUNDLE_IDENTIFIER = com.helloworld.CarCaller;
				PRODUCT_NAME = "$(TARGET_NAME)";
				SWIFT_VERSION = 4.0;
				TARGETED_DEVICE_FAMILY = "1,2";
			};
			name = Debug;
		};
		8BBFE6861FEA504400FC8546 /* Release */ = {
			isa = XCBuildConfiguration;
			baseConfigurationReference = 7065A52309B7D7D7D5E9EDF8 /* Pods-CarCaller.release.xcconfig */;
			buildSettings = {
				CODE_SIGN_STYLE = Automatic;
				DEVELOPMENT_TEAM = L5V272XJF9;
				INFOPLIST_FILE = CarCaller/Info.plist;
				LD_RUNPATH_SEARCH_PATHS = "$(inherited) @executable_path/Frameworks";
				PRODUCT_BUNDLE_IDENTIFIER = com.helloworld.CarCaller;
				PRODUCT_NAME = "$(TARGET_NAME)";
				SWIFT_VERSION = 4.0;
				TARGETED_DEVICE_FAMILY = "1,2";
			};
			name = Release;
		};
/* End XCBuildConfiguration section */

/* Begin XCConfigurationList section */
		8BBFE66D1FEA504300FC8546 /* Build configuration list for PBXProject "CarCaller" */ = {
			isa = XCConfigurationList;
			buildConfigurations = (
				8BBFE6821FEA504400FC8546 /* Debug */,
				8BBFE6831FEA504400FC8546 /* Release */,
			);
			defaultConfigurationIsVisible = 0;
			defaultConfigurationName = Release;
		};
		8BBFE6841FEA504400FC8546 /* Build configuration list for PBXNativeTarget "CarCaller" */ = {
			isa = XCConfigurationList;
			buildConfigurations = (
				8BBFE6851FEA504400FC8546 /* Debug */,
				8BBFE6861FEA504400FC8546 /* Release */,
			);
			defaultConfigurationIsVisible = 0;
			defaultConfigurationName = Release;
		};
/* End XCConfigurationList section */
	};
	rootObject = 8BBFE66A1FEA504300FC8546 /* Project object */;
}
